// !$*UTF8*$!
{
	archiveVersion = 1;
	classes = {
	};
	objectVersion = 56;
	objects = {

/* Begin PBXBuildFile section */
		364C666C28FBAEE5005CC112 /* CardViewController.swift in Sources */ = {isa = PBXBuildFile; fileRef = 364C666B28FBAEE5005CC112 /* CardViewController.swift */; };
		364C666E28FBAEFC005CC112 /* CompendiumView.swift in Sources */ = {isa = PBXBuildFile; fileRef = 364C666D28FBAEFC005CC112 /* CompendiumView.swift */; };
		364C667028FBAF0D005CC112 /* CardView.swift in Sources */ = {isa = PBXBuildFile; fileRef = 364C666F28FBAF0D005CC112 /* CardView.swift */; };
		364C667228FBAF1B005CC112 /* CardModel.swift in Sources */ = {isa = PBXBuildFile; fileRef = 364C667128FBAF1B005CC112 /* CardModel.swift */; };
		364C667428FBAF31005CC112 /* CardListModel.swift in Sources */ = {isa = PBXBuildFile; fileRef = 364C667328FBAF31005CC112 /* CardListModel.swift */; };
		364C667628FBAF3B005CC112 /* API.swift in Sources */ = {isa = PBXBuildFile; fileRef = 364C667528FBAF3B005CC112 /* API.swift */; };
		364C667828FC9F8D005CC112 /* TableViewCell.swift in Sources */ = {isa = PBXBuildFile; fileRef = 364C667728FC9F8D005CC112 /* TableViewCell.swift */; };
		364C667B28FCE9F3005CC112 /* PageFlip.mp3 in Resources */ = {isa = PBXBuildFile; fileRef = 364C667A28FCE9F3005CC112 /* PageFlip.mp3 */; };
		3671384A28FBACD0003F880B /* AppDelegate.swift in Sources */ = {isa = PBXBuildFile; fileRef = 3671384928FBACD0003F880B /* AppDelegate.swift */; };
		3671384C28FBACD0003F880B /* SceneDelegate.swift in Sources */ = {isa = PBXBuildFile; fileRef = 3671384B28FBACD0003F880B /* SceneDelegate.swift */; };
		3671384E28FBACD0003F880B /* CompendiumViewController.swift in Sources */ = {isa = PBXBuildFile; fileRef = 3671384D28FBACD0003F880B /* CompendiumViewController.swift */; };
		3671385328FBACD0003F880B /* Assets.xcassets in Resources */ = {isa = PBXBuildFile; fileRef = 3671385228FBACD0003F880B /* Assets.xcassets */; };
		3671385628FBACD0003F880B /* LaunchScreen.storyboard in Resources */ = {isa = PBXBuildFile; fileRef = 3671385428FBACD0003F880B /* LaunchScreen.storyboard */; };
		3671386128FBACD0003F880B /* tarot_compendiumTests.swift in Sources */ = {isa = PBXBuildFile; fileRef = 3671386028FBACD0003F880B /* tarot_compendiumTests.swift */; };
		3671386B28FBACD0003F880B /* tarot_compendiumUITests.swift in Sources */ = {isa = PBXBuildFile; fileRef = 3671386A28FBACD0003F880B /* tarot_compendiumUITests.swift */; };
		3671386D28FBACD0003F880B /* tarot_compendiumUITestsLaunchTests.swift in Sources */ = {isa = PBXBuildFile; fileRef = 3671386C28FBACD0003F880B /* tarot_compendiumUITestsLaunchTests.swift */; };
		3691964428FD8EB0002DF09D /* OneSlice.otf in Resources */ = {isa = PBXBuildFile; fileRef = 3691964328FD8EB0002DF09D /* OneSlice.otf */; };
		3691964A28FDD1AB002DF09D /* whitestorm.otf in Resources */ = {isa = PBXBuildFile; fileRef = 3691964928FDD1AB002DF09D /* whitestorm.otf */; };
		3691965228FDD63C002DF09D /* RobotoCondensed-Regular.ttf in Resources */ = {isa = PBXBuildFile; fileRef = 3691965128FDD63C002DF09D /* RobotoCondensed-Regular.ttf */; };
		3691965428FEDB64002DF09D /* RobotoCondensed-Bold.ttf in Resources */ = {isa = PBXBuildFile; fileRef = 3691965328FEDB64002DF09D /* RobotoCondensed-Bold.ttf */; };
		3691965728FEE4DE002DF09D /* FavouriteData.xcdatamodeld in Sources */ = {isa = PBXBuildFile; fileRef = 3691965528FEE4DE002DF09D /* FavouriteData.xcdatamodeld */; };
		3691965A29001F1F002DF09D /* DataManager.swift in Sources */ = {isa = PBXBuildFile; fileRef = 3691965929001F1F002DF09D /* DataManager.swift */; };
		36C308C12902BD5D002F97DA /* CollectionViewCell.swift in Sources */ = {isa = PBXBuildFile; fileRef = 36C308C02902BD5D002F97DA /* CollectionViewCell.swift */; };
		36EC9FFF290171F40049BD5F /* PageBack.wav in Resources */ = {isa = PBXBuildFile; fileRef = 36EC9FFE290171F40049BD5F /* PageBack.wav */; };
		36ECA00129018BA40049BD5F /* FavouriteCardsView.swift in Sources */ = {isa = PBXBuildFile; fileRef = 36ECA00029018BA40049BD5F /* FavouriteCardsView.swift */; };
		36ECA00329018BBE0049BD5F /* FavouriteCardsViewController.swift in Sources */ = {isa = PBXBuildFile; fileRef = 36ECA00229018BBE0049BD5F /* FavouriteCardsViewController.swift */; };
/* End PBXBuildFile section */

/* Begin PBXContainerItemProxy section */
		3671385D28FBACD0003F880B /* PBXContainerItemProxy */ = {
			isa = PBXContainerItemProxy;
			containerPortal = 3671383E28FBACD0003F880B /* Project object */;
			proxyType = 1;
			remoteGlobalIDString = 3671384528FBACD0003F880B;
			remoteInfo = "tarot-compendium";
		};
		3671386728FBACD0003F880B /* PBXContainerItemProxy */ = {
			isa = PBXContainerItemProxy;
			containerPortal = 3671383E28FBACD0003F880B /* Project object */;
			proxyType = 1;
			remoteGlobalIDString = 3671384528FBACD0003F880B;
			remoteInfo = "tarot-compendium";
		};
/* End PBXContainerItemProxy section */

/* Begin PBXFileReference section */
		364C666B28FBAEE5005CC112 /* CardViewController.swift */ = {isa = PBXFileReference; lastKnownFileType = sourcecode.swift; path = CardViewController.swift; sourceTree = "<group>"; };
		364C666D28FBAEFC005CC112 /* CompendiumView.swift */ = {isa = PBXFileReference; lastKnownFileType = sourcecode.swift; path = CompendiumView.swift; sourceTree = "<group>"; };
		364C666F28FBAF0D005CC112 /* CardView.swift */ = {isa = PBXFileReference; lastKnownFileType = sourcecode.swift; path = CardView.swift; sourceTree = "<group>"; };
		364C667128FBAF1B005CC112 /* CardModel.swift */ = {isa = PBXFileReference; lastKnownFileType = sourcecode.swift; path = CardModel.swift; sourceTree = "<group>"; };
		364C667328FBAF31005CC112 /* CardListModel.swift */ = {isa = PBXFileReference; lastKnownFileType = sourcecode.swift; path = CardListModel.swift; sourceTree = "<group>"; };
		364C667528FBAF3B005CC112 /* API.swift */ = {isa = PBXFileReference; lastKnownFileType = sourcecode.swift; path = API.swift; sourceTree = "<group>"; };
		364C667728FC9F8D005CC112 /* TableViewCell.swift */ = {isa = PBXFileReference; lastKnownFileType = sourcecode.swift; path = TableViewCell.swift; sourceTree = "<group>"; };
		364C667A28FCE9F3005CC112 /* PageFlip.mp3 */ = {isa = PBXFileReference; lastKnownFileType = audio.mp3; path = PageFlip.mp3; sourceTree = "<group>"; };
		3671384628FBACD0003F880B /* tarot-compendium.app */ = {isa = PBXFileReference; explicitFileType = wrapper.application; includeInIndex = 0; path = "tarot-compendium.app"; sourceTree = BUILT_PRODUCTS_DIR; };
		3671384928FBACD0003F880B /* AppDelegate.swift */ = {isa = PBXFileReference; lastKnownFileType = sourcecode.swift; path = AppDelegate.swift; sourceTree = "<group>"; };
		3671384B28FBACD0003F880B /* SceneDelegate.swift */ = {isa = PBXFileReference; lastKnownFileType = sourcecode.swift; path = SceneDelegate.swift; sourceTree = "<group>"; };
		3671384D28FBACD0003F880B /* CompendiumViewController.swift */ = {isa = PBXFileReference; lastKnownFileType = sourcecode.swift; path = CompendiumViewController.swift; sourceTree = "<group>"; };
		3671385228FBACD0003F880B /* Assets.xcassets */ = {isa = PBXFileReference; lastKnownFileType = folder.assetcatalog; path = Assets.xcassets; sourceTree = "<group>"; };
		3671385528FBACD0003F880B /* Base */ = {isa = PBXFileReference; lastKnownFileType = file.storyboard; name = Base; path = Base.lproj/LaunchScreen.storyboard; sourceTree = "<group>"; };
		3671385728FBACD0003F880B /* Info.plist */ = {isa = PBXFileReference; lastKnownFileType = text.plist.xml; path = Info.plist; sourceTree = "<group>"; };
		3671385C28FBACD0003F880B /* tarot-compendiumTests.xctest */ = {isa = PBXFileReference; explicitFileType = wrapper.cfbundle; includeInIndex = 0; path = "tarot-compendiumTests.xctest"; sourceTree = BUILT_PRODUCTS_DIR; };
		3671386028FBACD0003F880B /* tarot_compendiumTests.swift */ = {isa = PBXFileReference; lastKnownFileType = sourcecode.swift; path = tarot_compendiumTests.swift; sourceTree = "<group>"; };
		3671386628FBACD0003F880B /* tarot-compendiumUITests.xctest */ = {isa = PBXFileReference; explicitFileType = wrapper.cfbundle; includeInIndex = 0; path = "tarot-compendiumUITests.xctest"; sourceTree = BUILT_PRODUCTS_DIR; };
		3671386A28FBACD0003F880B /* tarot_compendiumUITests.swift */ = {isa = PBXFileReference; lastKnownFileType = sourcecode.swift; path = tarot_compendiumUITests.swift; sourceTree = "<group>"; };
		3671386C28FBACD0003F880B /* tarot_compendiumUITestsLaunchTests.swift */ = {isa = PBXFileReference; lastKnownFileType = sourcecode.swift; path = tarot_compendiumUITestsLaunchTests.swift; sourceTree = "<group>"; };
		3691964328FD8EB0002DF09D /* OneSlice.otf */ = {isa = PBXFileReference; lastKnownFileType = file; path = OneSlice.otf; sourceTree = "<group>"; };
		3691964928FDD1AB002DF09D /* whitestorm.otf */ = {isa = PBXFileReference; lastKnownFileType = file; path = whitestorm.otf; sourceTree = "<group>"; };
		3691965128FDD63C002DF09D /* RobotoCondensed-Regular.ttf */ = {isa = PBXFileReference; lastKnownFileType = file; path = "RobotoCondensed-Regular.ttf"; sourceTree = "<group>"; };
		3691965328FEDB64002DF09D /* RobotoCondensed-Bold.ttf */ = {isa = PBXFileReference; lastKnownFileType = file; path = "RobotoCondensed-Bold.ttf"; sourceTree = "<group>"; };
		3691965628FEE4DE002DF09D /* FavouriteData.xcdatamodel */ = {isa = PBXFileReference; lastKnownFileType = wrapper.xcdatamodel; path = FavouriteData.xcdatamodel; sourceTree = "<group>"; };
		3691965929001F1F002DF09D /* DataManager.swift */ = {isa = PBXFileReference; lastKnownFileType = sourcecode.swift; path = DataManager.swift; sourceTree = "<group>"; };
		36C308C02902BD5D002F97DA /* CollectionViewCell.swift */ = {isa = PBXFileReference; lastKnownFileType = sourcecode.swift; path = CollectionViewCell.swift; sourceTree = "<group>"; };
		36EC9FFE290171F40049BD5F /* PageBack.wav */ = {isa = PBXFileReference; lastKnownFileType = audio.wav; path = PageBack.wav; sourceTree = "<group>"; };
		36ECA00029018BA40049BD5F /* FavouriteCardsView.swift */ = {isa = PBXFileReference; lastKnownFileType = sourcecode.swift; path = FavouriteCardsView.swift; sourceTree = "<group>"; };
		36ECA00229018BBE0049BD5F /* FavouriteCardsViewController.swift */ = {isa = PBXFileReference; lastKnownFileType = sourcecode.swift; path = FavouriteCardsViewController.swift; sourceTree = "<group>"; };
/* End PBXFileReference section */

/* Begin PBXFrameworksBuildPhase section */
		3671384328FBACD0003F880B /* Frameworks */ = {
			isa = PBXFrameworksBuildPhase;
			buildActionMask = 2147483647;
			files = (
			);
			runOnlyForDeploymentPostprocessing = 0;
		};
		3671385928FBACD0003F880B /* Frameworks */ = {
			isa = PBXFrameworksBuildPhase;
			buildActionMask = 2147483647;
			files = (
			);
			runOnlyForDeploymentPostprocessing = 0;
		};
		3671386328FBACD0003F880B /* Frameworks */ = {
			isa = PBXFrameworksBuildPhase;
			buildActionMask = 2147483647;
			files = (
			);
			runOnlyForDeploymentPostprocessing = 0;
		};
/* End PBXFrameworksBuildPhase section */

/* Begin PBXGroup section */
		364C666628FBAE73005CC112 /* Controllers */ = {
			isa = PBXGroup;
			children = (
				3671384D28FBACD0003F880B /* CompendiumViewController.swift */,
				364C666B28FBAEE5005CC112 /* CardViewController.swift */,
				36ECA00229018BBE0049BD5F /* FavouriteCardsViewController.swift */,
			);
			path = Controllers;
			sourceTree = "<group>";
		};
		364C666728FBAE7B005CC112 /* Views */ = {
			isa = PBXGroup;
			children = (
				364C666D28FBAEFC005CC112 /* CompendiumView.swift */,
				364C666F28FBAF0D005CC112 /* CardView.swift */,
				36ECA00029018BA40049BD5F /* FavouriteCardsView.swift */,
			);
			path = Views;
			sourceTree = "<group>";
		};
		364C666828FBAEA0005CC112 /* Models */ = {
			isa = PBXGroup;
			children = (
				364C667128FBAF1B005CC112 /* CardModel.swift */,
				364C667328FBAF31005CC112 /* CardListModel.swift */,
			);
			path = Models;
			sourceTree = "<group>";
		};
		364C666928FBAEA8005CC112 /* Services */ = {
			isa = PBXGroup;
			children = (
				364C667528FBAF3B005CC112 /* API.swift */,
			);
			path = Services;
			sourceTree = "<group>";
		};
		364C666A28FBAEAD005CC112 /* Cells */ = {
			isa = PBXGroup;
			children = (
				364C667728FC9F8D005CC112 /* TableViewCell.swift */,
				36C308C02902BD5D002F97DA /* CollectionViewCell.swift */,
			);
			path = Cells;
			sourceTree = "<group>";
		};
		364C667928FCE9E2005CC112 /* SFX */ = {
			isa = PBXGroup;
			children = (
				36EC9FFE290171F40049BD5F /* PageBack.wav */,
				364C667A28FCE9F3005CC112 /* PageFlip.mp3 */,
			);
			path = SFX;
			sourceTree = "<group>";
		};
		3671383D28FBACD0003F880B = {
			isa = PBXGroup;
			children = (
				3671384828FBACD0003F880B /* tarot-compendium */,
				3671385F28FBACD0003F880B /* tarot-compendiumTests */,
				3671386928FBACD0003F880B /* tarot-compendiumUITests */,
				3671384728FBACD0003F880B /* Products */,
			);
			sourceTree = "<group>";
		};
		3671384728FBACD0003F880B /* Products */ = {
			isa = PBXGroup;
			children = (
				3671384628FBACD0003F880B /* tarot-compendium.app */,
				3671385C28FBACD0003F880B /* tarot-compendiumTests.xctest */,
				3671386628FBACD0003F880B /* tarot-compendiumUITests.xctest */,
			);
			name = Products;
			sourceTree = "<group>";
		};
		3671384828FBACD0003F880B /* tarot-compendium */ = {
			isa = PBXGroup;
			children = (
				364C666928FBAEA8005CC112 /* Services */,
				364C666828FBAEA0005CC112 /* Models */,
				364C666728FBAE7B005CC112 /* Views */,
				364C666628FBAE73005CC112 /* Controllers */,
				364C666A28FBAEAD005CC112 /* Cells */,
				3691965829001F08002DF09D /* Persistance */,
				364C667928FCE9E2005CC112 /* SFX */,
				3684FF8828FD85F6002A2593 /* Fonts */,
				3671384B28FBACD0003F880B /* SceneDelegate.swift */,
				3671384928FBACD0003F880B /* AppDelegate.swift */,
				3671385228FBACD0003F880B /* Assets.xcassets */,
				3671385428FBACD0003F880B /* LaunchScreen.storyboard */,
				3671385728FBACD0003F880B /* Info.plist */,
			);
			path = "tarot-compendium";
			sourceTree = "<group>";
		};
		3671385F28FBACD0003F880B /* tarot-compendiumTests */ = {
			isa = PBXGroup;
			children = (
				3671386028FBACD0003F880B /* tarot_compendiumTests.swift */,
			);
			path = "tarot-compendiumTests";
			sourceTree = "<group>";
		};
		3671386928FBACD0003F880B /* tarot-compendiumUITests */ = {
			isa = PBXGroup;
			children = (
				3671386A28FBACD0003F880B /* tarot_compendiumUITests.swift */,
				3671386C28FBACD0003F880B /* tarot_compendiumUITestsLaunchTests.swift */,
			);
			path = "tarot-compendiumUITests";
			sourceTree = "<group>";
		};
		3684FF8828FD85F6002A2593 /* Fonts */ = {
			isa = PBXGroup;
			children = (
				3691965128FDD63C002DF09D /* RobotoCondensed-Regular.ttf */,
				3691965328FEDB64002DF09D /* RobotoCondensed-Bold.ttf */,
				3691964928FDD1AB002DF09D /* whitestorm.otf */,
				3691964328FD8EB0002DF09D /* OneSlice.otf */,
			);
			path = Fonts;
			sourceTree = "<group>";
		};
		3691965829001F08002DF09D /* Persistance */ = {
			isa = PBXGroup;
			children = (
				3691965528FEE4DE002DF09D /* FavouriteData.xcdatamodeld */,
				3691965929001F1F002DF09D /* DataManager.swift */,
			);
			path = Persistance;
			sourceTree = "<group>";
		};
/* End PBXGroup section */

/* Begin PBXNativeTarget section */
		3671384528FBACD0003F880B /* tarot-compendium */ = {
			isa = PBXNativeTarget;
			buildConfigurationList = 3671387028FBACD0003F880B /* Build configuration list for PBXNativeTarget "tarot-compendium" */;
			buildPhases = (
				3671384228FBACD0003F880B /* Sources */,
				3671384328FBACD0003F880B /* Frameworks */,
				3671384428FBACD0003F880B /* Resources */,
			);
			buildRules = (
			);
			dependencies = (
			);
			name = "tarot-compendium";
			productName = "tarot-compendium";
			productReference = 3671384628FBACD0003F880B /* tarot-compendium.app */;
			productType = "com.apple.product-type.application";
		};
		3671385B28FBACD0003F880B /* tarot-compendiumTests */ = {
			isa = PBXNativeTarget;
			buildConfigurationList = 3671387328FBACD0003F880B /* Build configuration list for PBXNativeTarget "tarot-compendiumTests" */;
			buildPhases = (
				3671385828FBACD0003F880B /* Sources */,
				3671385928FBACD0003F880B /* Frameworks */,
				3671385A28FBACD0003F880B /* Resources */,
			);
			buildRules = (
			);
			dependencies = (
				3671385E28FBACD0003F880B /* PBXTargetDependency */,
			);
			name = "tarot-compendiumTests";
			productName = "tarot-compendiumTests";
			productReference = 3671385C28FBACD0003F880B /* tarot-compendiumTests.xctest */;
			productType = "com.apple.product-type.bundle.unit-test";
		};
		3671386528FBACD0003F880B /* tarot-compendiumUITests */ = {
			isa = PBXNativeTarget;
			buildConfigurationList = 3671387628FBACD0003F880B /* Build configuration list for PBXNativeTarget "tarot-compendiumUITests" */;
			buildPhases = (
				3671386228FBACD0003F880B /* Sources */,
				3671386328FBACD0003F880B /* Frameworks */,
				3671386428FBACD0003F880B /* Resources */,
			);
			buildRules = (
			);
			dependencies = (
				3671386828FBACD0003F880B /* PBXTargetDependency */,
			);
			name = "tarot-compendiumUITests";
			productName = "tarot-compendiumUITests";
			productReference = 3671386628FBACD0003F880B /* tarot-compendiumUITests.xctest */;
			productType = "com.apple.product-type.bundle.ui-testing";
		};
/* End PBXNativeTarget section */

/* Begin PBXProject section */
		3671383E28FBACD0003F880B /* Project object */ = {
			isa = PBXProject;
			attributes = {
				BuildIndependentTargetsInParallel = 1;
				LastSwiftUpdateCheck = 1400;
				LastUpgradeCheck = 1400;
				TargetAttributes = {
					3671384528FBACD0003F880B = {
						CreatedOnToolsVersion = 14.0;
					};
					3671385B28FBACD0003F880B = {
						CreatedOnToolsVersion = 14.0;
						TestTargetID = 3671384528FBACD0003F880B;
					};
					3671386528FBACD0003F880B = {
						CreatedOnToolsVersion = 14.0;
						TestTargetID = 3671384528FBACD0003F880B;
					};
				};
			};
			buildConfigurationList = 3671384128FBACD0003F880B /* Build configuration list for PBXProject "tarot-compendium" */;
			compatibilityVersion = "Xcode 14.0";
			developmentRegion = en;
			hasScannedForEncodings = 0;
			knownRegions = (
				en,
				Base,
			);
			mainGroup = 3671383D28FBACD0003F880B;
			productRefGroup = 3671384728FBACD0003F880B /* Products */;
			projectDirPath = "";
			projectRoot = "";
			targets = (
				3671384528FBACD0003F880B /* tarot-compendium */,
				3671385B28FBACD0003F880B /* tarot-compendiumTests */,
				3671386528FBACD0003F880B /* tarot-compendiumUITests */,
			);
		};
/* End PBXProject section */

/* Begin PBXResourcesBuildPhase section */
		3671384428FBACD0003F880B /* Resources */ = {
			isa = PBXResourcesBuildPhase;
			buildActionMask = 2147483647;
			files = (
				364C667B28FCE9F3005CC112 /* PageFlip.mp3 in Resources */,
				3691965228FDD63C002DF09D /* RobotoCondensed-Regular.ttf in Resources */,
				3671385628FBACD0003F880B /* LaunchScreen.storyboard in Resources */,
				3671385328FBACD0003F880B /* Assets.xcassets in Resources */,
				36EC9FFF290171F40049BD5F /* PageBack.wav in Resources */,
				3691965428FEDB64002DF09D /* RobotoCondensed-Bold.ttf in Resources */,
				3691964A28FDD1AB002DF09D /* whitestorm.otf in Resources */,
				3691964428FD8EB0002DF09D /* OneSlice.otf in Resources */,
			);
			runOnlyForDeploymentPostprocessing = 0;
		};
		3671385A28FBACD0003F880B /* Resources */ = {
			isa = PBXResourcesBuildPhase;
			buildActionMask = 2147483647;
			files = (
			);
			runOnlyForDeploymentPostprocessing = 0;
		};
		3671386428FBACD0003F880B /* Resources */ = {
			isa = PBXResourcesBuildPhase;
			buildActionMask = 2147483647;
			files = (
			);
			runOnlyForDeploymentPostprocessing = 0;
		};
/* End PBXResourcesBuildPhase section */

/* Begin PBXSourcesBuildPhase section */
		3671384228FBACD0003F880B /* Sources */ = {
			isa = PBXSourcesBuildPhase;
			buildActionMask = 2147483647;
			files = (
				364C666C28FBAEE5005CC112 /* CardViewController.swift in Sources */,
				3691965A29001F1F002DF09D /* DataManager.swift in Sources */,
				3671384E28FBACD0003F880B /* CompendiumViewController.swift in Sources */,
				3671384A28FBACD0003F880B /* AppDelegate.swift in Sources */,
				364C667228FBAF1B005CC112 /* CardModel.swift in Sources */,
				36C308C12902BD5D002F97DA /* CollectionViewCell.swift in Sources */,
				36ECA00129018BA40049BD5F /* FavouriteCardsView.swift in Sources */,
				3671384C28FBACD0003F880B /* SceneDelegate.swift in Sources */,
				3691965728FEE4DE002DF09D /* FavouriteData.xcdatamodeld in Sources */,
				364C667828FC9F8D005CC112 /* TableViewCell.swift in Sources */,
				364C667428FBAF31005CC112 /* CardListModel.swift in Sources */,
				364C667028FBAF0D005CC112 /* CardView.swift in Sources */,
				364C667628FBAF3B005CC112 /* API.swift in Sources */,
				36ECA00329018BBE0049BD5F /* FavouriteCardsViewController.swift in Sources */,
				364C666E28FBAEFC005CC112 /* CompendiumView.swift in Sources */,
			);
			runOnlyForDeploymentPostprocessing = 0;
		};
		3671385828FBACD0003F880B /* Sources */ = {
			isa = PBXSourcesBuildPhase;
			buildActionMask = 2147483647;
			files = (
				3671386128FBACD0003F880B /* tarot_compendiumTests.swift in Sources */,
			);
			runOnlyForDeploymentPostprocessing = 0;
		};
		3671386228FBACD0003F880B /* Sources */ = {
			isa = PBXSourcesBuildPhase;
			buildActionMask = 2147483647;
			files = (
				3671386D28FBACD0003F880B /* tarot_compendiumUITestsLaunchTests.swift in Sources */,
				3671386B28FBACD0003F880B /* tarot_compendiumUITests.swift in Sources */,
			);
			runOnlyForDeploymentPostprocessing = 0;
		};
/* End PBXSourcesBuildPhase section */

/* Begin PBXTargetDependency section */
		3671385E28FBACD0003F880B /* PBXTargetDependency */ = {
			isa = PBXTargetDependency;
			target = 3671384528FBACD0003F880B /* tarot-compendium */;
			targetProxy = 3671385D28FBACD0003F880B /* PBXContainerItemProxy */;
		};
		3671386828FBACD0003F880B /* PBXTargetDependency */ = {
			isa = PBXTargetDependency;
			target = 3671384528FBACD0003F880B /* tarot-compendium */;
			targetProxy = 3671386728FBACD0003F880B /* PBXContainerItemProxy */;
		};
/* End PBXTargetDependency section */

/* Begin PBXVariantGroup section */
		3671385428FBACD0003F880B /* LaunchScreen.storyboard */ = {
			isa = PBXVariantGroup;
			children = (
				3671385528FBACD0003F880B /* Base */,
			);
			name = LaunchScreen.storyboard;
			sourceTree = "<group>";
		};
/* End PBXVariantGroup section */

/* Begin XCBuildConfiguration section */
		3671386E28FBACD0003F880B /* Debug */ = {
			isa = XCBuildConfiguration;
			buildSettings = {
				ALWAYS_SEARCH_USER_PATHS = NO;
				CLANG_ANALYZER_NONNULL = YES;
				CLANG_ANALYZER_NUMBER_OBJECT_CONVERSION = YES_AGGRESSIVE;
				CLANG_CXX_LANGUAGE_STANDARD = "gnu++20";
				CLANG_ENABLE_MODULES = YES;
				CLANG_ENABLE_OBJC_ARC = YES;
				CLANG_ENABLE_OBJC_WEAK = YES;
				CLANG_WARN_BLOCK_CAPTURE_AUTORELEASING = YES;
				CLANG_WARN_BOOL_CONVERSION = YES;
				CLANG_WARN_COMMA = YES;
				CLANG_WARN_CONSTANT_CONVERSION = YES;
				CLANG_WARN_DEPRECATED_OBJC_IMPLEMENTATIONS = YES;
				CLANG_WARN_DIRECT_OBJC_ISA_USAGE = YES_ERROR;
				CLANG_WARN_DOCUMENTATION_COMMENTS = YES;
				CLANG_WARN_EMPTY_BODY = YES;
				CLANG_WARN_ENUM_CONVERSION = YES;
				CLANG_WARN_INFINITE_RECURSION = YES;
				CLANG_WARN_INT_CONVERSION = YES;
				CLANG_WARN_NON_LITERAL_NULL_CONVERSION = YES;
				CLANG_WARN_OBJC_IMPLICIT_RETAIN_SELF = YES;
				CLANG_WARN_OBJC_LITERAL_CONVERSION = YES;
				CLANG_WARN_OBJC_ROOT_CLASS = YES_ERROR;
				CLANG_WARN_QUOTED_INCLUDE_IN_FRAMEWORK_HEADER = YES;
				CLANG_WARN_RANGE_LOOP_ANALYSIS = YES;
				CLANG_WARN_STRICT_PROTOTYPES = YES;
				CLANG_WARN_SUSPICIOUS_MOVE = YES;
				CLANG_WARN_UNGUARDED_AVAILABILITY = YES_AGGRESSIVE;
				CLANG_WARN_UNREACHABLE_CODE = YES;
				CLANG_WARN__DUPLICATE_METHOD_MATCH = YES;
				COPY_PHASE_STRIP = NO;
				DEBUG_INFORMATION_FORMAT = dwarf;
				ENABLE_STRICT_OBJC_MSGSEND = YES;
				ENABLE_TESTABILITY = YES;
				GCC_C_LANGUAGE_STANDARD = gnu11;
				GCC_DYNAMIC_NO_PIC = NO;
				GCC_NO_COMMON_BLOCKS = YES;
				GCC_OPTIMIZATION_LEVEL = 0;
				GCC_PREPROCESSOR_DEFINITIONS = (
					"DEBUG=1",
					"$(inherited)",
				);
				GCC_WARN_64_TO_32_BIT_CONVERSION = YES;
				GCC_WARN_ABOUT_RETURN_TYPE = YES_ERROR;
				GCC_WARN_UNDECLARED_SELECTOR = YES;
				GCC_WARN_UNINITIALIZED_AUTOS = YES_AGGRESSIVE;
				GCC_WARN_UNUSED_FUNCTION = YES;
				GCC_WARN_UNUSED_VARIABLE = YES;
				IPHONEOS_DEPLOYMENT_TARGET = 16.0;
				MTL_ENABLE_DEBUG_INFO = INCLUDE_SOURCE;
				MTL_FAST_MATH = YES;
				ONLY_ACTIVE_ARCH = YES;
				SDKROOT = iphoneos;
				SWIFT_ACTIVE_COMPILATION_CONDITIONS = DEBUG;
				SWIFT_OPTIMIZATION_LEVEL = "-Onone";
			};
			name = Debug;
		};
		3671386F28FBACD0003F880B /* Release */ = {
			isa = XCBuildConfiguration;
			buildSettings = {
				ALWAYS_SEARCH_USER_PATHS = NO;
				CLANG_ANALYZER_NONNULL = YES;
				CLANG_ANALYZER_NUMBER_OBJECT_CONVERSION = YES_AGGRESSIVE;
				CLANG_CXX_LANGUAGE_STANDARD = "gnu++20";
				CLANG_ENABLE_MODULES = YES;
				CLANG_ENABLE_OBJC_ARC = YES;
				CLANG_ENABLE_OBJC_WEAK = YES;
				CLANG_WARN_BLOCK_CAPTURE_AUTORELEASING = YES;
				CLANG_WARN_BOOL_CONVERSION = YES;
				CLANG_WARN_COMMA = YES;
				CLANG_WARN_CONSTANT_CONVERSION = YES;
				CLANG_WARN_DEPRECATED_OBJC_IMPLEMENTATIONS = YES;
				CLANG_WARN_DIRECT_OBJC_ISA_USAGE = YES_ERROR;
				CLANG_WARN_DOCUMENTATION_COMMENTS = YES;
				CLANG_WARN_EMPTY_BODY = YES;
				CLANG_WARN_ENUM_CONVERSION = YES;
				CLANG_WARN_INFINITE_RECURSION = YES;
				CLANG_WARN_INT_CONVERSION = YES;
				CLANG_WARN_NON_LITERAL_NULL_CONVERSION = YES;
				CLANG_WARN_OBJC_IMPLICIT_RETAIN_SELF = YES;
				CLANG_WARN_OBJC_LITERAL_CONVERSION = YES;
				CLANG_WARN_OBJC_ROOT_CLASS = YES_ERROR;
				CLANG_WARN_QUOTED_INCLUDE_IN_FRAMEWORK_HEADER = YES;
				CLANG_WARN_RANGE_LOOP_ANALYSIS = YES;
				CLANG_WARN_STRICT_PROTOTYPES = YES;
				CLANG_WARN_SUSPICIOUS_MOVE = YES;
				CLANG_WARN_UNGUARDED_AVAILABILITY = YES_AGGRESSIVE;
				CLANG_WARN_UNREACHABLE_CODE = YES;
				CLANG_WARN__DUPLICATE_METHOD_MATCH = YES;
				COPY_PHASE_STRIP = NO;
				DEBUG_INFORMATION_FORMAT = "dwarf-with-dsym";
				ENABLE_NS_ASSERTIONS = NO;
				ENABLE_STRICT_OBJC_MSGSEND = YES;
				GCC_C_LANGUAGE_STANDARD = gnu11;
				GCC_NO_COMMON_BLOCKS = YES;
				GCC_WARN_64_TO_32_BIT_CONVERSION = YES;
				GCC_WARN_ABOUT_RETURN_TYPE = YES_ERROR;
				GCC_WARN_UNDECLARED_SELECTOR = YES;
				GCC_WARN_UNINITIALIZED_AUTOS = YES_AGGRESSIVE;
				GCC_WARN_UNUSED_FUNCTION = YES;
				GCC_WARN_UNUSED_VARIABLE = YES;
				IPHONEOS_DEPLOYMENT_TARGET = 16.0;
				MTL_ENABLE_DEBUG_INFO = NO;
				MTL_FAST_MATH = YES;
				SDKROOT = iphoneos;
				SWIFT_COMPILATION_MODE = wholemodule;
				SWIFT_OPTIMIZATION_LEVEL = "-O";
				VALIDATE_PRODUCT = YES;
			};
			name = Release;
		};
		3671387128FBACD0003F880B /* Debug */ = {
			isa = XCBuildConfiguration;
			buildSettings = {
				ASSETCATALOG_COMPILER_APPICON_NAME = AppIcon;
				ASSETCATALOG_COMPILER_GLOBAL_ACCENT_COLOR_NAME = AccentColor;
				CODE_SIGN_STYLE = Automatic;
				CURRENT_PROJECT_VERSION = 1;
				DEVELOPMENT_TEAM = 8D2H27TXKN;
				GENERATE_INFOPLIST_FILE = YES;
				INFOPLIST_FILE = "tarot-compendium/Info.plist";
				INFOPLIST_KEY_UIApplicationSupportsIndirectInputEvents = YES;
				INFOPLIST_KEY_UILaunchStoryboardName = LaunchScreen;
				INFOPLIST_KEY_UIMainStoryboardFile = "";
				INFOPLIST_KEY_UISupportedInterfaceOrientations_iPad = UIInterfaceOrientationPortrait;
				INFOPLIST_KEY_UISupportedInterfaceOrientations_iPhone = UIInterfaceOrientationPortrait;
				LD_RUNPATH_SEARCH_PATHS = (
					"$(inherited)",
					"@executable_path/Frameworks",
				);
				MARKETING_VERSION = 1.0;
				PRODUCT_BUNDLE_IDENTIFIER = "ada.ifce.tarot-compendium";
				PRODUCT_NAME = "$(TARGET_NAME)";
				SUPPORTED_PLATFORMS = "iphoneos iphonesimulator";
				SUPPORTS_MACCATALYST = NO;
				SUPPORTS_MAC_DESIGNED_FOR_IPHONE_IPAD = NO;
				SWIFT_EMIT_LOC_STRINGS = YES;
				SWIFT_VERSION = 5.0;
				TARGETED_DEVICE_FAMILY = 1;
			};
			name = Debug;
		};
		3671387228FBACD0003F880B /* Release */ = {
			isa = XCBuildConfiguration;
			buildSettings = {
				ASSETCATALOG_COMPILER_APPICON_NAME = AppIcon;
				ASSETCATALOG_COMPILER_GLOBAL_ACCENT_COLOR_NAME = AccentColor;
				CODE_SIGN_STYLE = Automatic;
				CURRENT_PROJECT_VERSION = 1;
				DEVELOPMENT_TEAM = 8D2H27TXKN;
				GENERATE_INFOPLIST_FILE = YES;
				INFOPLIST_FILE = "tarot-compendium/Info.plist";
				INFOPLIST_KEY_UIApplicationSupportsIndirectInputEvents = YES;
				INFOPLIST_KEY_UILaunchStoryboardName = LaunchScreen;
				INFOPLIST_KEY_UIMainStoryboardFile = "";
				INFOPLIST_KEY_UISupportedInterfaceOrientations_iPad = UIInterfaceOrientationPortrait;
				INFOPLIST_KEY_UISupportedInterfaceOrientations_iPhone = UIInterfaceOrientationPortrait;
				LD_RUNPATH_SEARCH_PATHS = (
					"$(inherited)",
					"@executable_path/Frameworks",
				);
				MARKETING_VERSION = 1.0;
				PRODUCT_BUNDLE_IDENTIFIER = "ada.ifce.tarot-compendium";
				PRODUCT_NAME = "$(TARGET_NAME)";
				SUPPORTED_PLATFORMS = "iphoneos iphonesimulator";
				SUPPORTS_MACCATALYST = NO;
				SUPPORTS_MAC_DESIGNED_FOR_IPHONE_IPAD = NO;
				SWIFT_EMIT_LOC_STRINGS = YES;
				SWIFT_VERSION = 5.0;
				TARGETED_DEVICE_FAMILY = 1;
			};
			name = Release;
		};
		3671387428FBACD0003F880B /* Debug */ = {
			isa = XCBuildConfiguration;
			buildSettings = {
				ALWAYS_EMBED_SWIFT_STANDARD_LIBRARIES = YES;
				BUNDLE_LOADER = "$(TEST_HOST)";
				CODE_SIGN_STYLE = Automatic;
				CURRENT_PROJECT_VERSION = 1;
				DEVELOPMENT_TEAM = 8D2H27TXKN;
				GENERATE_INFOPLIST_FILE = YES;
				IPHONEOS_DEPLOYMENT_TARGET = 16.0;
				MARKETING_VERSION = 1.0;
				PRODUCT_BUNDLE_IDENTIFIER = "ada.ifce.tarot-compendiumTests";
				PRODUCT_NAME = "$(TARGET_NAME)";
				SWIFT_EMIT_LOC_STRINGS = NO;
				SWIFT_VERSION = 5.0;
				TARGETED_DEVICE_FAMILY = "1,2";
				TEST_HOST = "$(BUILT_PRODUCTS_DIR)/tarot-compendium.app/$(BUNDLE_EXECUTABLE_FOLDER_PATH)/tarot-compendium";
			};
			name = Debug;
		};
		3671387528FBACD0003F880B /* Release */ = {
			isa = XCBuildConfiguration;
			buildSettings = {
				ALWAYS_EMBED_SWIFT_STANDARD_LIBRARIES = YES;
				BUNDLE_LOADER = "$(TEST_HOST)";
				CODE_SIGN_STYLE = Automatic;
				CURRENT_PROJECT_VERSION = 1;
				DEVELOPMENT_TEAM = 8D2H27TXKN;
				GENERATE_INFOPLIST_FILE = YES;
				IPHONEOS_DEPLOYMENT_TARGET = 16.0;
				MARKETING_VERSION = 1.0;
				PRODUCT_BUNDLE_IDENTIFIER = "ada.ifce.tarot-compendiumTests";
				PRODUCT_NAME = "$(TARGET_NAME)";
				SWIFT_EMIT_LOC_STRINGS = NO;
				SWIFT_VERSION = 5.0;
				TARGETED_DEVICE_FAMILY = "1,2";
				TEST_HOST = "$(BUILT_PRODUCTS_DIR)/tarot-compendium.app/$(BUNDLE_EXECUTABLE_FOLDER_PATH)/tarot-compendium";
			};
			name = Release;
		};
		3671387728FBACD0003F880B /* Debug */ = {
			isa = XCBuildConfiguration;
			buildSettings = {
				ALWAYS_EMBED_SWIFT_STANDARD_LIBRARIES = YES;
				CODE_SIGN_STYLE = Automatic;
				CURRENT_PROJECT_VERSION = 1;
				DEVELOPMENT_TEAM = 8D2H27TXKN;
				GENERATE_INFOPLIST_FILE = YES;
				MARKETING_VERSION = 1.0;
				PRODUCT_BUNDLE_IDENTIFIER = "ada.ifce.tarot-compendiumUITests";
				PRODUCT_NAME = "$(TARGET_NAME)";
				SWIFT_EMIT_LOC_STRINGS = NO;
				SWIFT_VERSION = 5.0;
				TARGETED_DEVICE_FAMILY = "1,2";
				TEST_TARGET_NAME = "tarot-compendium";
			};
			name = Debug;
		};
		3671387828FBACD0003F880B /* Release */ = {
			isa = XCBuildConfiguration;
			buildSettings = {
				ALWAYS_EMBED_SWIFT_STANDARD_LIBRARIES = YES;
				CODE_SIGN_STYLE = Automatic;
				CURRENT_PROJECT_VERSION = 1;
				DEVELOPMENT_TEAM = 8D2H27TXKN;
				GENERATE_INFOPLIST_FILE = YES;
				MARKETING_VERSION = 1.0;
				PRODUCT_BUNDLE_IDENTIFIER = "ada.ifce.tarot-compendiumUITests";
				PRODUCT_NAME = "$(TARGET_NAME)";
				SWIFT_EMIT_LOC_STRINGS = NO;
				SWIFT_VERSION = 5.0;
				TARGETED_DEVICE_FAMILY = "1,2";
				TEST_TARGET_NAME = "tarot-compendium";
			};
			name = Release;
		};
/* End XCBuildConfiguration section */

/* Begin XCConfigurationList section */
		3671384128FBACD0003F880B /* Build configuration list for PBXProject "tarot-compendium" */ = {
			isa = XCConfigurationList;
			buildConfigurations = (
				3671386E28FBACD0003F880B /* Debug */,
				3671386F28FBACD0003F880B /* Release */,
			);
			defaultConfigurationIsVisible = 0;
			defaultConfigurationName = Release;
		};
		3671387028FBACD0003F880B /* Build configuration list for PBXNativeTarget "tarot-compendium" */ = {
			isa = XCConfigurationList;
			buildConfigurations = (
				3671387128FBACD0003F880B /* Debug */,
				3671387228FBACD0003F880B /* Release */,
			);
			defaultConfigurationIsVisible = 0;
			defaultConfigurationName = Release;
		};
		3671387328FBACD0003F880B /* Build configuration list for PBXNativeTarget "tarot-compendiumTests" */ = {
			isa = XCConfigurationList;
			buildConfigurations = (
				3671387428FBACD0003F880B /* Debug */,
				3671387528FBACD0003F880B /* Release */,
			);
			defaultConfigurationIsVisible = 0;
			defaultConfigurationName = Release;
		};
		3671387628FBACD0003F880B /* Build configuration list for PBXNativeTarget "tarot-compendiumUITests" */ = {
			isa = XCConfigurationList;
			buildConfigurations = (
				3671387728FBACD0003F880B /* Debug */,
				3671387828FBACD0003F880B /* Release */,
			);
			defaultConfigurationIsVisible = 0;
			defaultConfigurationName = Release;
		};
/* End XCConfigurationList section */

/* Begin XCVersionGroup section */
		3691965528FEE4DE002DF09D /* FavouriteData.xcdatamodeld */ = {
			isa = XCVersionGroup;
			children = (
				3691965628FEE4DE002DF09D /* FavouriteData.xcdatamodel */,
			);
			currentVersion = 3691965628FEE4DE002DF09D /* FavouriteData.xcdatamodel */;
			path = FavouriteData.xcdatamodeld;
			sourceTree = "<group>";
			versionGroupType = wrapper.xcdatamodel;
		};
/* End XCVersionGroup section */
	};
	rootObject = 3671383E28FBACD0003F880B /* Project object */;
}
